// !$*UTF8*$!
{
	archiveVersion = 1;
	classes = {
	};
	objectVersion = 55;
	objects = {

/* Begin PBXBuildFile section */
		5A395B4628DBBA61003C9BC5 /* MainTableViewCell.swift in Sources */ = {isa = PBXBuildFile; fileRef = 5A395B4428DBBA61003C9BC5 /* MainTableViewCell.swift */; };
		5A395B4728DBBA61003C9BC5 /* MainTableViewCell.xib in Resources */ = {isa = PBXBuildFile; fileRef = 5A395B4528DBBA61003C9BC5 /* MainTableViewCell.xib */; };
		5AFFBAD528A5A2330025C9A9 /* AppDelegate.swift in Sources */ = {isa = PBXBuildFile; fileRef = 5AFFBAD428A5A2330025C9A9 /* AppDelegate.swift */; };
		5AFFBAD728A5A2330025C9A9 /* SceneDelegate.swift in Sources */ = {isa = PBXBuildFile; fileRef = 5AFFBAD628A5A2330025C9A9 /* SceneDelegate.swift */; };
		5AFFBAD928A5A2330025C9A9 /* ViewController.swift in Sources */ = {isa = PBXBuildFile; fileRef = 5AFFBAD828A5A2330025C9A9 /* ViewController.swift */; };
		5AFFBADC28A5A2330025C9A9 /* Main.storyboard in Resources */ = {isa = PBXBuildFile; fileRef = 5AFFBADA28A5A2330025C9A9 /* Main.storyboard */; };
		5AFFBADE28A5A2370025C9A9 /* Assets.xcassets in Resources */ = {isa = PBXBuildFile; fileRef = 5AFFBADD28A5A2370025C9A9 /* Assets.xcassets */; };
		5AFFBAE128A5A2370025C9A9 /* LaunchScreen.storyboard in Resources */ = {isa = PBXBuildFile; fileRef = 5AFFBADF28A5A2370025C9A9 /* LaunchScreen.storyboard */; };
		5AFFBAEC28A5A2370025C9A9 /* GourmetAlertTests.swift in Sources */ = {isa = PBXBuildFile; fileRef = 5AFFBAEB28A5A2370025C9A9 /* GourmetAlertTests.swift */; };
		5AFFBAF628A5A2370025C9A9 /* GourmetAlertUITests.swift in Sources */ = {isa = PBXBuildFile; fileRef = 5AFFBAF528A5A2370025C9A9 /* GourmetAlertUITests.swift */; };
		5AFFBAF828A5A2370025C9A9 /* GourmetAlertUITestsLaunchTests.swift in Sources */ = {isa = PBXBuildFile; fileRef = 5AFFBAF728A5A2370025C9A9 /* GourmetAlertUITestsLaunchTests.swift */; };
		5AFFBB0828A746A70025C9A9 /* HotWebViewController.swift in Sources */ = {isa = PBXBuildFile; fileRef = 5AFFBB0728A746A70025C9A9 /* HotWebViewController.swift */; };
		5AFFBB0A28A74C720025C9A9 /* FavoriteViewController.swift in Sources */ = {isa = PBXBuildFile; fileRef = 5AFFBB0928A74C720025C9A9 /* FavoriteViewController.swift */; };
		5AFFBB0E28A76BFB0025C9A9 /* FavoriteData.swift in Sources */ = {isa = PBXBuildFile; fileRef = 5AFFBB0D28A76BFB0025C9A9 /* FavoriteData.swift */; };
		5AFFBB1028A76D220025C9A9 /* Parameter.swift in Sources */ = {isa = PBXBuildFile; fileRef = 5AFFBB0F28A76D220025C9A9 /* Parameter.swift */; };
		5AFFBB1428AC3DD40025C9A9 /* FavoriteListViewController.swift in Sources */ = {isa = PBXBuildFile; fileRef = 5AFFBB1328AC3DD40025C9A9 /* FavoriteListViewController.swift */; };
		9189F776C833827787A9ADB8 /* Pods_GourmetAlert_GourmetAlertUITests.framework in Frameworks */ = {isa = PBXBuildFile; fileRef = 1768CA28030507151D595857 /* Pods_GourmetAlert_GourmetAlertUITests.framework */; };
		A2BAB68BA038DC7BC8C57046 /* Pods_GourmetAlert.framework in Frameworks */ = {isa = PBXBuildFile; fileRef = 2E4698D3551D7123F42E16AB /* Pods_GourmetAlert.framework */; };
		DC049D597F33A3857E080A57 /* Pods_GourmetAlertTests.framework in Frameworks */ = {isa = PBXBuildFile; fileRef = ABFACC2A8F38E3D9455B4D37 /* Pods_GourmetAlertTests.framework */; };
/* End PBXBuildFile section */

/* Begin PBXContainerItemProxy section */
		5AFFBAE828A5A2370025C9A9 /* PBXContainerItemProxy */ = {
			isa = PBXContainerItemProxy;
			containerPortal = 5AFFBAC928A5A2330025C9A9 /* Project object */;
			proxyType = 1;
			remoteGlobalIDString = 5AFFBAD028A5A2330025C9A9;
			remoteInfo = GourmetAlert;
		};
		5AFFBAF228A5A2370025C9A9 /* PBXContainerItemProxy */ = {
			isa = PBXContainerItemProxy;
			containerPortal = 5AFFBAC928A5A2330025C9A9 /* Project object */;
			proxyType = 1;
			remoteGlobalIDString = 5AFFBAD028A5A2330025C9A9;
			remoteInfo = GourmetAlert;
		};
/* End PBXContainerItemProxy section */

/* Begin PBXFileReference section */
		12AF63CA4BDEEEA0F633EBA3 /* Pods-GourmetAlert.release.xcconfig */ = {isa = PBXFileReference; includeInIndex = 1; lastKnownFileType = text.xcconfig; name = "Pods-GourmetAlert.release.xcconfig"; path = "Target Support Files/Pods-GourmetAlert/Pods-GourmetAlert.release.xcconfig"; sourceTree = "<group>"; };
		1768CA28030507151D595857 /* Pods_GourmetAlert_GourmetAlertUITests.framework */ = {isa = PBXFileReference; explicitFileType = wrapper.framework; includeInIndex = 0; path = Pods_GourmetAlert_GourmetAlertUITests.framework; sourceTree = BUILT_PRODUCTS_DIR; };
		2E4698D3551D7123F42E16AB /* Pods_GourmetAlert.framework */ = {isa = PBXFileReference; explicitFileType = wrapper.framework; includeInIndex = 0; path = Pods_GourmetAlert.framework; sourceTree = BUILT_PRODUCTS_DIR; };
		3172EA7A40665604006190B3 /* Pods-GourmetAlertTests.release.xcconfig */ = {isa = PBXFileReference; includeInIndex = 1; lastKnownFileType = text.xcconfig; name = "Pods-GourmetAlertTests.release.xcconfig"; path = "Target Support Files/Pods-GourmetAlertTests/Pods-GourmetAlertTests.release.xcconfig"; sourceTree = "<group>"; };
		44B8AE64382B543AD9F45D58 /* Pods-GourmetAlert-GourmetAlertUITests.debug.xcconfig */ = {isa = PBXFileReference; includeInIndex = 1; lastKnownFileType = text.xcconfig; name = "Pods-GourmetAlert-GourmetAlertUITests.debug.xcconfig"; path = "Target Support Files/Pods-GourmetAlert-GourmetAlertUITests/Pods-GourmetAlert-GourmetAlertUITests.debug.xcconfig"; sourceTree = "<group>"; };
		5A395B4428DBBA61003C9BC5 /* MainTableViewCell.swift */ = {isa = PBXFileReference; lastKnownFileType = sourcecode.swift; path = MainTableViewCell.swift; sourceTree = "<group>"; };
		5A395B4528DBBA61003C9BC5 /* MainTableViewCell.xib */ = {isa = PBXFileReference; lastKnownFileType = file.xib; path = MainTableViewCell.xib; sourceTree = "<group>"; };
		5AFFBAD128A5A2330025C9A9 /* GourmetAlert.app */ = {isa = PBXFileReference; explicitFileType = wrapper.application; includeInIndex = 0; path = GourmetAlert.app; sourceTree = BUILT_PRODUCTS_DIR; };
		5AFFBAD428A5A2330025C9A9 /* AppDelegate.swift */ = {isa = PBXFileReference; lastKnownFileType = sourcecode.swift; path = AppDelegate.swift; sourceTree = "<group>"; };
		5AFFBAD628A5A2330025C9A9 /* SceneDelegate.swift */ = {isa = PBXFileReference; lastKnownFileType = sourcecode.swift; path = SceneDelegate.swift; sourceTree = "<group>"; };
		5AFFBAD828A5A2330025C9A9 /* ViewController.swift */ = {isa = PBXFileReference; lastKnownFileType = sourcecode.swift; path = ViewController.swift; sourceTree = "<group>"; };
		5AFFBADB28A5A2330025C9A9 /* Base */ = {isa = PBXFileReference; lastKnownFileType = file.storyboard; name = Base; path = Base.lproj/Main.storyboard; sourceTree = "<group>"; };
		5AFFBADD28A5A2370025C9A9 /* Assets.xcassets */ = {isa = PBXFileReference; lastKnownFileType = folder.assetcatalog; path = Assets.xcassets; sourceTree = "<group>"; };
		5AFFBAE028A5A2370025C9A9 /* Base */ = {isa = PBXFileReference; lastKnownFileType = file.storyboard; name = Base; path = Base.lproj/LaunchScreen.storyboard; sourceTree = "<group>"; };
		5AFFBAE228A5A2370025C9A9 /* Info.plist */ = {isa = PBXFileReference; lastKnownFileType = text.plist.xml; path = Info.plist; sourceTree = "<group>"; };
		5AFFBAE728A5A2370025C9A9 /* GourmetAlertTests.xctest */ = {isa = PBXFileReference; explicitFileType = wrapper.cfbundle; includeInIndex = 0; path = GourmetAlertTests.xctest; sourceTree = BUILT_PRODUCTS_DIR; };
		5AFFBAEB28A5A2370025C9A9 /* GourmetAlertTests.swift */ = {isa = PBXFileReference; lastKnownFileType = sourcecode.swift; path = GourmetAlertTests.swift; sourceTree = "<group>"; };
		5AFFBAF128A5A2370025C9A9 /* GourmetAlertUITests.xctest */ = {isa = PBXFileReference; explicitFileType = wrapper.cfbundle; includeInIndex = 0; path = GourmetAlertUITests.xctest; sourceTree = BUILT_PRODUCTS_DIR; };
		5AFFBAF528A5A2370025C9A9 /* GourmetAlertUITests.swift */ = {isa = PBXFileReference; lastKnownFileType = sourcecode.swift; path = GourmetAlertUITests.swift; sourceTree = "<group>"; };
		5AFFBAF728A5A2370025C9A9 /* GourmetAlertUITestsLaunchTests.swift */ = {isa = PBXFileReference; lastKnownFileType = sourcecode.swift; path = GourmetAlertUITestsLaunchTests.swift; sourceTree = "<group>"; };
		5AFFBB0728A746A70025C9A9 /* HotWebViewController.swift */ = {isa = PBXFileReference; lastKnownFileType = sourcecode.swift; path = HotWebViewController.swift; sourceTree = "<group>"; };
		5AFFBB0928A74C720025C9A9 /* FavoriteViewController.swift */ = {isa = PBXFileReference; lastKnownFileType = sourcecode.swift; path = FavoriteViewController.swift; sourceTree = "<group>"; };
		5AFFBB0D28A76BFB0025C9A9 /* FavoriteData.swift */ = {isa = PBXFileReference; lastKnownFileType = sourcecode.swift; path = FavoriteData.swift; sourceTree = "<group>"; };
		5AFFBB0F28A76D220025C9A9 /* Parameter.swift */ = {isa = PBXFileReference; lastKnownFileType = sourcecode.swift; path = Parameter.swift; sourceTree = "<group>"; };
		5AFFBB1128A92BBE0025C9A9 /* ja */ = {isa = PBXFileReference; lastKnownFileType = text.plist.strings; name = ja; path = ja.lproj/Main.strings; sourceTree = "<group>"; };
		5AFFBB1228A92BBF0025C9A9 /* ja */ = {isa = PBXFileReference; lastKnownFileType = text.plist.strings; name = ja; path = ja.lproj/LaunchScreen.strings; sourceTree = "<group>"; };
		5AFFBB1328AC3DD40025C9A9 /* FavoriteListViewController.swift */ = {isa = PBXFileReference; lastKnownFileType = sourcecode.swift; path = FavoriteListViewController.swift; sourceTree = "<group>"; };
		A94913FD7495C28F5A40B88F /* Pods-GourmetAlert-GourmetAlertUITests.release.xcconfig */ = {isa = PBXFileReference; includeInIndex = 1; lastKnownFileType = text.xcconfig; name = "Pods-GourmetAlert-GourmetAlertUITests.release.xcconfig"; path = "Target Support Files/Pods-GourmetAlert-GourmetAlertUITests/Pods-GourmetAlert-GourmetAlertUITests.release.xcconfig"; sourceTree = "<group>"; };
		ABFACC2A8F38E3D9455B4D37 /* Pods_GourmetAlertTests.framework */ = {isa = PBXFileReference; explicitFileType = wrapper.framework; includeInIndex = 0; path = Pods_GourmetAlertTests.framework; sourceTree = BUILT_PRODUCTS_DIR; };
		B49CFAF30B10EDF4C447D870 /* Pods-GourmetAlertTests.debug.xcconfig */ = {isa = PBXFileReference; includeInIndex = 1; lastKnownFileType = text.xcconfig; name = "Pods-GourmetAlertTests.debug.xcconfig"; path = "Target Support Files/Pods-GourmetAlertTests/Pods-GourmetAlertTests.debug.xcconfig"; sourceTree = "<group>"; };
		E001AE71572B922BED7E1A22 /* Pods-GourmetAlert.debug.xcconfig */ = {isa = PBXFileReference; includeInIndex = 1; lastKnownFileType = text.xcconfig; name = "Pods-GourmetAlert.debug.xcconfig"; path = "Target Support Files/Pods-GourmetAlert/Pods-GourmetAlert.debug.xcconfig"; sourceTree = "<group>"; };
/* End PBXFileReference section */

/* Begin PBXFrameworksBuildPhase section */
		5AFFBACE28A5A2330025C9A9 /* Frameworks */ = {
			isa = PBXFrameworksBuildPhase;
			buildActionMask = 2147483647;
			files = (
				A2BAB68BA038DC7BC8C57046 /* Pods_GourmetAlert.framework in Frameworks */,
			);
			runOnlyForDeploymentPostprocessing = 0;
		};
		5AFFBAE428A5A2370025C9A9 /* Frameworks */ = {
			isa = PBXFrameworksBuildPhase;
			buildActionMask = 2147483647;
			files = (
				DC049D597F33A3857E080A57 /* Pods_GourmetAlertTests.framework in Frameworks */,
			);
			runOnlyForDeploymentPostprocessing = 0;
		};
		5AFFBAEE28A5A2370025C9A9 /* Frameworks */ = {
			isa = PBXFrameworksBuildPhase;
			buildActionMask = 2147483647;
			files = (
				9189F776C833827787A9ADB8 /* Pods_GourmetAlert_GourmetAlertUITests.framework in Frameworks */,
			);
			runOnlyForDeploymentPostprocessing = 0;
		};
/* End PBXFrameworksBuildPhase section */

/* Begin PBXGroup section */
		00A6C2985AEF416F6D775EA4 /* Frameworks */ = {
			isa = PBXGroup;
			children = (
				2E4698D3551D7123F42E16AB /* Pods_GourmetAlert.framework */,
				1768CA28030507151D595857 /* Pods_GourmetAlert_GourmetAlertUITests.framework */,
				ABFACC2A8F38E3D9455B4D37 /* Pods_GourmetAlertTests.framework */,
			);
			name = Frameworks;
			sourceTree = "<group>";
		};
		5AFFBAC828A5A2330025C9A9 = {
			isa = PBXGroup;
			children = (
				5AFFBAD328A5A2330025C9A9 /* GourmetAlert */,
				5AFFBAEA28A5A2370025C9A9 /* GourmetAlertTests */,
				5AFFBAF428A5A2370025C9A9 /* GourmetAlertUITests */,
				5AFFBAD228A5A2330025C9A9 /* Products */,
				6298455100F3D629EB9CDCA7 /* Pods */,
				00A6C2985AEF416F6D775EA4 /* Frameworks */,
			);
			sourceTree = "<group>";
		};
		5AFFBAD228A5A2330025C9A9 /* Products */ = {
			isa = PBXGroup;
			children = (
				5AFFBAD128A5A2330025C9A9 /* GourmetAlert.app */,
				5AFFBAE728A5A2370025C9A9 /* GourmetAlertTests.xctest */,
				5AFFBAF128A5A2370025C9A9 /* GourmetAlertUITests.xctest */,
			);
			name = Products;
			sourceTree = "<group>";
		};
		5AFFBAD328A5A2330025C9A9 /* GourmetAlert */ = {
			isa = PBXGroup;
			children = (
				5AFFBAD428A5A2330025C9A9 /* AppDelegate.swift */,
				5AFFBAD628A5A2330025C9A9 /* SceneDelegate.swift */,
				5AFFBAD828A5A2330025C9A9 /* ViewController.swift */,
				5AFFBB0728A746A70025C9A9 /* HotWebViewController.swift */,
				5AFFBADA28A5A2330025C9A9 /* Main.storyboard */,
				5AFFBB0928A74C720025C9A9 /* FavoriteViewController.swift */,
				5AFFBB0D28A76BFB0025C9A9 /* FavoriteData.swift */,
				5AFFBB0F28A76D220025C9A9 /* Parameter.swift */,
				5AFFBB1328AC3DD40025C9A9 /* FavoriteListViewController.swift */,
				5AFFBADD28A5A2370025C9A9 /* Assets.xcassets */,
				5AFFBADF28A5A2370025C9A9 /* LaunchScreen.storyboard */,
				5AFFBAE228A5A2370025C9A9 /* Info.plist */,
				5A395B4428DBBA61003C9BC5 /* MainTableViewCell.swift */,
				5A395B4528DBBA61003C9BC5 /* MainTableViewCell.xib */,
			);
			path = GourmetAlert;
			sourceTree = "<group>";
		};
		5AFFBAEA28A5A2370025C9A9 /* GourmetAlertTests */ = {
			isa = PBXGroup;
			children = (
				5AFFBAEB28A5A2370025C9A9 /* GourmetAlertTests.swift */,
			);
			path = GourmetAlertTests;
			sourceTree = "<group>";
		};
		5AFFBAF428A5A2370025C9A9 /* GourmetAlertUITests */ = {
			isa = PBXGroup;
			children = (
				5AFFBAF528A5A2370025C9A9 /* GourmetAlertUITests.swift */,
				5AFFBAF728A5A2370025C9A9 /* GourmetAlertUITestsLaunchTests.swift */,
			);
			path = GourmetAlertUITests;
			sourceTree = "<group>";
		};
		6298455100F3D629EB9CDCA7 /* Pods */ = {
			isa = PBXGroup;
			children = (
				E001AE71572B922BED7E1A22 /* Pods-GourmetAlert.debug.xcconfig */,
				12AF63CA4BDEEEA0F633EBA3 /* Pods-GourmetAlert.release.xcconfig */,
				44B8AE64382B543AD9F45D58 /* Pods-GourmetAlert-GourmetAlertUITests.debug.xcconfig */,
				A94913FD7495C28F5A40B88F /* Pods-GourmetAlert-GourmetAlertUITests.release.xcconfig */,
				B49CFAF30B10EDF4C447D870 /* Pods-GourmetAlertTests.debug.xcconfig */,
				3172EA7A40665604006190B3 /* Pods-GourmetAlertTests.release.xcconfig */,
			);
			path = Pods;
			sourceTree = "<group>";
		};
/* End PBXGroup section */

/* Begin PBXNativeTarget section */
		5AFFBAD028A5A2330025C9A9 /* GourmetAlert */ = {
			isa = PBXNativeTarget;
			buildConfigurationList = 5AFFBAFB28A5A2370025C9A9 /* Build configuration list for PBXNativeTarget "GourmetAlert" */;
			buildPhases = (
				8F9AF02A58B7C564B41ADFD6 /* [CP] Check Pods Manifest.lock */,
				5AFFBACD28A5A2330025C9A9 /* Sources */,
				5AFFBACE28A5A2330025C9A9 /* Frameworks */,
				5AFFBACF28A5A2330025C9A9 /* Resources */,
				F92A364BF725BAA0F24E6E23 /* [CP] Embed Pods Frameworks */,
			);
			buildRules = (
			);
			dependencies = (
			);
			name = GourmetAlert;
			productName = GourmetAlert;
			productReference = 5AFFBAD128A5A2330025C9A9 /* GourmetAlert.app */;
			productType = "com.apple.product-type.application";
		};
		5AFFBAE628A5A2370025C9A9 /* GourmetAlertTests */ = {
			isa = PBXNativeTarget;
			buildConfigurationList = 5AFFBAFE28A5A2370025C9A9 /* Build configuration list for PBXNativeTarget "GourmetAlertTests" */;
			buildPhases = (
				05929234CDE608E64FD93730 /* [CP] Check Pods Manifest.lock */,
				5AFFBAE328A5A2370025C9A9 /* Sources */,
				5AFFBAE428A5A2370025C9A9 /* Frameworks */,
				5AFFBAE528A5A2370025C9A9 /* Resources */,
			);
			buildRules = (
			);
			dependencies = (
				5AFFBAE928A5A2370025C9A9 /* PBXTargetDependency */,
			);
			name = GourmetAlertTests;
			productName = GourmetAlertTests;
			productReference = 5AFFBAE728A5A2370025C9A9 /* GourmetAlertTests.xctest */;
			productType = "com.apple.product-type.bundle.unit-test";
		};
		5AFFBAF028A5A2370025C9A9 /* GourmetAlertUITests */ = {
			isa = PBXNativeTarget;
			buildConfigurationList = 5AFFBB0128A5A2370025C9A9 /* Build configuration list for PBXNativeTarget "GourmetAlertUITests" */;
			buildPhases = (
				5D513403E848BFB81D1F330E /* [CP] Check Pods Manifest.lock */,
				5AFFBAED28A5A2370025C9A9 /* Sources */,
				5AFFBAEE28A5A2370025C9A9 /* Frameworks */,
				5AFFBAEF28A5A2370025C9A9 /* Resources */,
				23B83E656E5445A615A8D230 /* [CP] Embed Pods Frameworks */,
			);
			buildRules = (
			);
			dependencies = (
				5AFFBAF328A5A2370025C9A9 /* PBXTargetDependency */,
			);
			name = GourmetAlertUITests;
			productName = GourmetAlertUITests;
			productReference = 5AFFBAF128A5A2370025C9A9 /* GourmetAlertUITests.xctest */;
			productType = "com.apple.product-type.bundle.ui-testing";
		};
/* End PBXNativeTarget section */

/* Begin PBXProject section */
		5AFFBAC928A5A2330025C9A9 /* Project object */ = {
			isa = PBXProject;
			attributes = {
				BuildIndependentTargetsInParallel = 1;
				LastSwiftUpdateCheck = 1340;
				LastUpgradeCheck = 1340;
				TargetAttributes = {
					5AFFBAD028A5A2330025C9A9 = {
						CreatedOnToolsVersion = 13.4.1;
					};
					5AFFBAE628A5A2370025C9A9 = {
						CreatedOnToolsVersion = 13.4.1;
						TestTargetID = 5AFFBAD028A5A2330025C9A9;
					};
					5AFFBAF028A5A2370025C9A9 = {
						CreatedOnToolsVersion = 13.4.1;
						TestTargetID = 5AFFBAD028A5A2330025C9A9;
					};
				};
			};
			buildConfigurationList = 5AFFBACC28A5A2330025C9A9 /* Build configuration list for PBXProject "GourmetAlert" */;
			compatibilityVersion = "Xcode 13.0";
			developmentRegion = en;
			hasScannedForEncodings = 0;
			knownRegions = (
				en,
				Base,
				ja,
			);
			mainGroup = 5AFFBAC828A5A2330025C9A9;
			productRefGroup = 5AFFBAD228A5A2330025C9A9 /* Products */;
			projectDirPath = "";
			projectRoot = "";
			targets = (
				5AFFBAD028A5A2330025C9A9 /* GourmetAlert */,
				5AFFBAE628A5A2370025C9A9 /* GourmetAlertTests */,
				5AFFBAF028A5A2370025C9A9 /* GourmetAlertUITests */,
			);
		};
/* End PBXProject section */

/* Begin PBXResourcesBuildPhase section */
		5AFFBACF28A5A2330025C9A9 /* Resources */ = {
			isa = PBXResourcesBuildPhase;
			buildActionMask = 2147483647;
			files = (
				5AFFBAE128A5A2370025C9A9 /* LaunchScreen.storyboard in Resources */,
				5AFFBADE28A5A2370025C9A9 /* Assets.xcassets in Resources */,
				5A395B4728DBBA61003C9BC5 /* MainTableViewCell.xib in Resources */,
				5AFFBADC28A5A2330025C9A9 /* Main.storyboard in Resources */,
			);
			runOnlyForDeploymentPostprocessing = 0;
		};
		5AFFBAE528A5A2370025C9A9 /* Resources */ = {
			isa = PBXResourcesBuildPhase;
			buildActionMask = 2147483647;
			files = (
			);
			runOnlyForDeploymentPostprocessing = 0;
		};
		5AFFBAEF28A5A2370025C9A9 /* Resources */ = {
			isa = PBXResourcesBuildPhase;
			buildActionMask = 2147483647;
			files = (
			);
			runOnlyForDeploymentPostprocessing = 0;
		};
/* End PBXResourcesBuildPhase section */

/* Begin PBXShellScriptBuildPhase section */
		05929234CDE608E64FD93730 /* [CP] Check Pods Manifest.lock */ = {
			isa = PBXShellScriptBuildPhase;
			buildActionMask = 2147483647;
			files = (
			);
			inputFileListPaths = (
			);
			inputPaths = (
				"${PODS_PODFILE_DIR_PATH}/Podfile.lock",
				"${PODS_ROOT}/Manifest.lock",
			);
			name = "[CP] Check Pods Manifest.lock";
			outputFileListPaths = (
			);
			outputPaths = (
				"$(DERIVED_FILE_DIR)/Pods-GourmetAlertTests-checkManifestLockResult.txt",
			);
			runOnlyForDeploymentPostprocessing = 0;
			shellPath = /bin/sh;
			shellScript = "diff \"${PODS_PODFILE_DIR_PATH}/Podfile.lock\" \"${PODS_ROOT}/Manifest.lock\" > /dev/null\nif [ $? != 0 ] ; then\n    # print error to STDERR\n    echo \"error: The sandbox is not in sync with the Podfile.lock. Run 'pod install' or update your CocoaPods installation.\" >&2\n    exit 1\nfi\n# This output is used by Xcode 'outputs' to avoid re-running this script phase.\necho \"SUCCESS\" > \"${SCRIPT_OUTPUT_FILE_0}\"\n";
			showEnvVarsInLog = 0;
		};
		23B83E656E5445A615A8D230 /* [CP] Embed Pods Frameworks */ = {
			isa = PBXShellScriptBuildPhase;
			buildActionMask = 2147483647;
			files = (
			);
			inputFileListPaths = (
				"${PODS_ROOT}/Target Support Files/Pods-GourmetAlert-GourmetAlertUITests/Pods-GourmetAlert-GourmetAlertUITests-frameworks-${CONFIGURATION}-input-files.xcfilelist",
			);
			name = "[CP] Embed Pods Frameworks";
			outputFileListPaths = (
				"${PODS_ROOT}/Target Support Files/Pods-GourmetAlert-GourmetAlertUITests/Pods-GourmetAlert-GourmetAlertUITests-frameworks-${CONFIGURATION}-output-files.xcfilelist",
			);
			runOnlyForDeploymentPostprocessing = 0;
			shellPath = /bin/sh;
			shellScript = "\"${PODS_ROOT}/Target Support Files/Pods-GourmetAlert-GourmetAlertUITests/Pods-GourmetAlert-GourmetAlertUITests-frameworks.sh\"\n";
			showEnvVarsInLog = 0;
		};
		5D513403E848BFB81D1F330E /* [CP] Check Pods Manifest.lock */ = {
			isa = PBXShellScriptBuildPhase;
			buildActionMask = 2147483647;
			files = (
			);
			inputFileListPaths = (
			);
			inputPaths = (
				"${PODS_PODFILE_DIR_PATH}/Podfile.lock",
				"${PODS_ROOT}/Manifest.lock",
			);
			name = "[CP] Check Pods Manifest.lock";
			outputFileListPaths = (
			);
			outputPaths = (
				"$(DERIVED_FILE_DIR)/Pods-GourmetAlert-GourmetAlertUITests-checkManifestLockResult.txt",
			);
			runOnlyForDeploymentPostprocessing = 0;
			shellPath = /bin/sh;
			shellScript = "diff \"${PODS_PODFILE_DIR_PATH}/Podfile.lock\" \"${PODS_ROOT}/Manifest.lock\" > /dev/null\nif [ $? != 0 ] ; then\n    # print error to STDERR\n    echo \"error: The sandbox is not in sync with the Podfile.lock. Run 'pod install' or update your CocoaPods installation.\" >&2\n    exit 1\nfi\n# This output is used by Xcode 'outputs' to avoid re-running this script phase.\necho \"SUCCESS\" > \"${SCRIPT_OUTPUT_FILE_0}\"\n";
			showEnvVarsInLog = 0;
		};
		8F9AF02A58B7C564B41ADFD6 /* [CP] Check Pods Manifest.lock */ = {
			isa = PBXShellScriptBuildPhase;
			buildActionMask = 2147483647;
			files = (
			);
			inputFileListPaths = (
			);
			inputPaths = (
				"${PODS_PODFILE_DIR_PATH}/Podfile.lock",
				"${PODS_ROOT}/Manifest.lock",
			);
			name = "[CP] Check Pods Manifest.lock";
			outputFileListPaths = (
			);
			outputPaths = (
				"$(DERIVED_FILE_DIR)/Pods-GourmetAlert-checkManifestLockResult.txt",
			);
			runOnlyForDeploymentPostprocessing = 0;
			shellPath = /bin/sh;
			shellScript = "diff \"${PODS_PODFILE_DIR_PATH}/Podfile.lock\" \"${PODS_ROOT}/Manifest.lock\" > /dev/null\nif [ $? != 0 ] ; then\n    # print error to STDERR\n    echo \"error: The sandbox is not in sync with the Podfile.lock. Run 'pod install' or update your CocoaPods installation.\" >&2\n    exit 1\nfi\n# This output is used by Xcode 'outputs' to avoid re-running this script phase.\necho \"SUCCESS\" > \"${SCRIPT_OUTPUT_FILE_0}\"\n";
			showEnvVarsInLog = 0;
		};
		F92A364BF725BAA0F24E6E23 /* [CP] Embed Pods Frameworks */ = {
			isa = PBXShellScriptBuildPhase;
			buildActionMask = 2147483647;
			files = (
			);
			inputFileListPaths = (
				"${PODS_ROOT}/Target Support Files/Pods-GourmetAlert/Pods-GourmetAlert-frameworks-${CONFIGURATION}-input-files.xcfilelist",
			);
			name = "[CP] Embed Pods Frameworks";
			outputFileListPaths = (
				"${PODS_ROOT}/Target Support Files/Pods-GourmetAlert/Pods-GourmetAlert-frameworks-${CONFIGURATION}-output-files.xcfilelist",
			);
			runOnlyForDeploymentPostprocessing = 0;
			shellPath = /bin/sh;
			shellScript = "\"${PODS_ROOT}/Target Support Files/Pods-GourmetAlert/Pods-GourmetAlert-frameworks.sh\"\n";
			showEnvVarsInLog = 0;
		};
/* End PBXShellScriptBuildPhase section */

/* Begin PBXSourcesBuildPhase section */
		5AFFBACD28A5A2330025C9A9 /* Sources */ = {
			isa = PBXSourcesBuildPhase;
			buildActionMask = 2147483647;
			files = (
				5AFFBAD928A5A2330025C9A9 /* ViewController.swift in Sources */,
				5A395B4628DBBA61003C9BC5 /* MainTableViewCell.swift in Sources */,
				5AFFBB0828A746A70025C9A9 /* HotWebViewController.swift in Sources */,
				5AFFBAD528A5A2330025C9A9 /* AppDelegate.swift in Sources */,
				5AFFBB0E28A76BFB0025C9A9 /* FavoriteData.swift in Sources */,
				5AFFBB1428AC3DD40025C9A9 /* FavoriteListViewController.swift in Sources */,
				5AFFBAD728A5A2330025C9A9 /* SceneDelegate.swift in Sources */,
				5AFFBB1028A76D220025C9A9 /* Parameter.swift in Sources */,
				5AFFBB0A28A74C720025C9A9 /* FavoriteViewController.swift in Sources */,
			);
			runOnlyForDeploymentPostprocessing = 0;
		};
		5AFFBAE328A5A2370025C9A9 /* Sources */ = {
			isa = PBXSourcesBuildPhase;
			buildActionMask = 2147483647;
			files = (
				5AFFBAEC28A5A2370025C9A9 /* GourmetAlertTests.swift in Sources */,
			);
			runOnlyForDeploymentPostprocessing = 0;
		};
		5AFFBAED28A5A2370025C9A9 /* Sources */ = {
			isa = PBXSourcesBuildPhase;
			buildActionMask = 2147483647;
			files = (
				5AFFBAF628A5A2370025C9A9 /* GourmetAlertUITests.swift in Sources */,
				5AFFBAF828A5A2370025C9A9 /* GourmetAlertUITestsLaunchTests.swift in Sources */,
			);
			runOnlyForDeploymentPostprocessing = 0;
		};
/* End PBXSourcesBuildPhase section */

/* Begin PBXTargetDependency section */
		5AFFBAE928A5A2370025C9A9 /* PBXTargetDependency */ = {
			isa = PBXTargetDependency;
			target = 5AFFBAD028A5A2330025C9A9 /* GourmetAlert */;
			targetProxy = 5AFFBAE828A5A2370025C9A9 /* PBXContainerItemProxy */;
		};
		5AFFBAF328A5A2370025C9A9 /* PBXTargetDependency */ = {
			isa = PBXTargetDependency;
			target = 5AFFBAD028A5A2330025C9A9 /* GourmetAlert */;
			targetProxy = 5AFFBAF228A5A2370025C9A9 /* PBXContainerItemProxy */;
		};
/* End PBXTargetDependency section */

/* Begin PBXVariantGroup section */
		5AFFBADA28A5A2330025C9A9 /* Main.storyboard */ = {
			isa = PBXVariantGroup;
			children = (
				5AFFBADB28A5A2330025C9A9 /* Base */,
				5AFFBB1128A92BBE0025C9A9 /* ja */,
			);
			name = Main.storyboard;
			sourceTree = "<group>";
		};
		5AFFBADF28A5A2370025C9A9 /* LaunchScreen.storyboard */ = {
			isa = PBXVariantGroup;
			children = (
				5AFFBAE028A5A2370025C9A9 /* Base */,
				5AFFBB1228A92BBF0025C9A9 /* ja */,
			);
			name = LaunchScreen.storyboard;
			sourceTree = "<group>";
		};
/* End PBXVariantGroup section */

/* Begin XCBuildConfiguration section */
		5AFFBAF928A5A2370025C9A9 /* Debug */ = {
			isa = XCBuildConfiguration;
			buildSettings = {
				ALWAYS_SEARCH_USER_PATHS = NO;
				CLANG_ANALYZER_LOCALIZABILITY_NONLOCALIZED = YES;
				CLANG_ANALYZER_NONNULL = YES;
				CLANG_ANALYZER_NUMBER_OBJECT_CONVERSION = YES_AGGRESSIVE;
				CLANG_CXX_LANGUAGE_STANDARD = "gnu++17";
				CLANG_ENABLE_MODULES = YES;
				CLANG_ENABLE_OBJC_ARC = YES;
				CLANG_ENABLE_OBJC_WEAK = YES;
				CLANG_WARN_BLOCK_CAPTURE_AUTORELEASING = YES;
				CLANG_WARN_BOOL_CONVERSION = YES;
				CLANG_WARN_COMMA = YES;
				CLANG_WARN_CONSTANT_CONVERSION = YES;
				CLANG_WARN_DEPRECATED_OBJC_IMPLEMENTATIONS = YES;
				CLANG_WARN_DIRECT_OBJC_ISA_USAGE = YES_ERROR;
				CLANG_WARN_DOCUMENTATION_COMMENTS = YES;
				CLANG_WARN_EMPTY_BODY = YES;
				CLANG_WARN_ENUM_CONVERSION = YES;
				CLANG_WARN_INFINITE_RECURSION = YES;
				CLANG_WARN_INT_CONVERSION = YES;
				CLANG_WARN_NON_LITERAL_NULL_CONVERSION = YES;
				CLANG_WARN_OBJC_IMPLICIT_RETAIN_SELF = YES;
				CLANG_WARN_OBJC_LITERAL_CONVERSION = YES;
				CLANG_WARN_OBJC_ROOT_CLASS = YES_ERROR;
				CLANG_WARN_QUOTED_INCLUDE_IN_FRAMEWORK_HEADER = YES;
				CLANG_WARN_RANGE_LOOP_ANALYSIS = YES;
				CLANG_WARN_STRICT_PROTOTYPES = YES;
				CLANG_WARN_SUSPICIOUS_MOVE = YES;
				CLANG_WARN_UNGUARDED_AVAILABILITY = YES_AGGRESSIVE;
				CLANG_WARN_UNREACHABLE_CODE = YES;
				CLANG_WARN__DUPLICATE_METHOD_MATCH = YES;
				COPY_PHASE_STRIP = NO;
				DEBUG_INFORMATION_FORMAT = dwarf;
				ENABLE_STRICT_OBJC_MSGSEND = YES;
				ENABLE_TESTABILITY = YES;
				GCC_C_LANGUAGE_STANDARD = gnu11;
				GCC_DYNAMIC_NO_PIC = NO;
				GCC_NO_COMMON_BLOCKS = YES;
				GCC_OPTIMIZATION_LEVEL = 0;
				GCC_PREPROCESSOR_DEFINITIONS = (
					"DEBUG=1",
					"$(inherited)",
				);
				GCC_WARN_64_TO_32_BIT_CONVERSION = YES;
				GCC_WARN_ABOUT_RETURN_TYPE = YES_ERROR;
				GCC_WARN_UNDECLARED_SELECTOR = YES;
				GCC_WARN_UNINITIALIZED_AUTOS = YES_AGGRESSIVE;
				GCC_WARN_UNUSED_FUNCTION = YES;
				GCC_WARN_UNUSED_VARIABLE = YES;
				IPHONEOS_DEPLOYMENT_TARGET = 15.5;
				MTL_ENABLE_DEBUG_INFO = INCLUDE_SOURCE;
				MTL_FAST_MATH = YES;
				ONLY_ACTIVE_ARCH = YES;
				SDKROOT = iphoneos;
				SWIFT_ACTIVE_COMPILATION_CONDITIONS = DEBUG;
				SWIFT_OPTIMIZATION_LEVEL = "-Onone";
			};
			name = Debug;
		};
		5AFFBAFA28A5A2370025C9A9 /* Release */ = {
			isa = XCBuildConfiguration;
			buildSettings = {
				ALWAYS_SEARCH_USER_PATHS = NO;
				CLANG_ANALYZER_LOCALIZABILITY_NONLOCALIZED = YES;
				CLANG_ANALYZER_NONNULL = YES;
				CLANG_ANALYZER_NUMBER_OBJECT_CONVERSION = YES_AGGRESSIVE;
				CLANG_CXX_LANGUAGE_STANDARD = "gnu++17";
				CLANG_ENABLE_MODULES = YES;
				CLANG_ENABLE_OBJC_ARC = YES;
				CLANG_ENABLE_OBJC_WEAK = YES;
				CLANG_WARN_BLOCK_CAPTURE_AUTORELEASING = YES;
				CLANG_WARN_BOOL_CONVERSION = YES;
				CLANG_WARN_COMMA = YES;
				CLANG_WARN_CONSTANT_CONVERSION = YES;
				CLANG_WARN_DEPRECATED_OBJC_IMPLEMENTATIONS = YES;
				CLANG_WARN_DIRECT_OBJC_ISA_USAGE = YES_ERROR;
				CLANG_WARN_DOCUMENTATION_COMMENTS = YES;
				CLANG_WARN_EMPTY_BODY = YES;
				CLANG_WARN_ENUM_CONVERSION = YES;
				CLANG_WARN_INFINITE_RECURSION = YES;
				CLANG_WARN_INT_CONVERSION = YES;
				CLANG_WARN_NON_LITERAL_NULL_CONVERSION = YES;
				CLANG_WARN_OBJC_IMPLICIT_RETAIN_SELF = YES;
				CLANG_WARN_OBJC_LITERAL_CONVERSION = YES;
				CLANG_WARN_OBJC_ROOT_CLASS = YES_ERROR;
				CLANG_WARN_QUOTED_INCLUDE_IN_FRAMEWORK_HEADER = YES;
				CLANG_WARN_RANGE_LOOP_ANALYSIS = YES;
				CLANG_WARN_STRICT_PROTOTYPES = YES;
				CLANG_WARN_SUSPICIOUS_MOVE = YES;
				CLANG_WARN_UNGUARDED_AVAILABILITY = YES_AGGRESSIVE;
				CLANG_WARN_UNREACHABLE_CODE = YES;
				CLANG_WARN__DUPLICATE_METHOD_MATCH = YES;
				COPY_PHASE_STRIP = NO;
				DEBUG_INFORMATION_FORMAT = "dwarf-with-dsym";
				ENABLE_NS_ASSERTIONS = NO;
				ENABLE_STRICT_OBJC_MSGSEND = YES;
				GCC_C_LANGUAGE_STANDARD = gnu11;
				GCC_NO_COMMON_BLOCKS = YES;
				GCC_WARN_64_TO_32_BIT_CONVERSION = YES;
				GCC_WARN_ABOUT_RETURN_TYPE = YES_ERROR;
				GCC_WARN_UNDECLARED_SELECTOR = YES;
				GCC_WARN_UNINITIALIZED_AUTOS = YES_AGGRESSIVE;
				GCC_WARN_UNUSED_FUNCTION = YES;
				GCC_WARN_UNUSED_VARIABLE = YES;
				IPHONEOS_DEPLOYMENT_TARGET = 15.5;
				MTL_ENABLE_DEBUG_INFO = NO;
				MTL_FAST_MATH = YES;
				SDKROOT = iphoneos;
				SWIFT_COMPILATION_MODE = wholemodule;
				SWIFT_OPTIMIZATION_LEVEL = "-O";
				VALIDATE_PRODUCT = YES;
			};
			name = Release;
		};
		5AFFBAFC28A5A2370025C9A9 /* Debug */ = {
			isa = XCBuildConfiguration;
			baseConfigurationReference = E001AE71572B922BED7E1A22 /* Pods-GourmetAlert.debug.xcconfig */;
			buildSettings = {
				ASSETCATALOG_COMPILER_APPICON_NAME = AppIcon;
				ASSETCATALOG_COMPILER_GLOBAL_ACCENT_COLOR_NAME = AccentColor;
				CODE_SIGN_IDENTITY = "Apple Development";
				CODE_SIGN_STYLE = Automatic;
				CURRENT_PROJECT_VERSION = 1;
				DEVELOPMENT_TEAM = Y39Q3HMBFA;
				GENERATE_INFOPLIST_FILE = YES;
				INFOPLIST_FILE = GourmetAlert/Info.plist;
				INFOPLIST_KEY_UIApplicationSupportsIndirectInputEvents = YES;
				INFOPLIST_KEY_UILaunchStoryboardName = LaunchScreen;
				INFOPLIST_KEY_UIMainStoryboardFile = Main;
				INFOPLIST_KEY_UISupportedInterfaceOrientations_iPad = "UIInterfaceOrientationPortrait UIInterfaceOrientationPortraitUpsideDown UIInterfaceOrientationLandscapeLeft UIInterfaceOrientationLandscapeRight";
				INFOPLIST_KEY_UISupportedInterfaceOrientations_iPhone = "UIInterfaceOrientationPortrait UIInterfaceOrientationLandscapeLeft UIInterfaceOrientationLandscapeRight";
				LD_RUNPATH_SEARCH_PATHS = (
					"$(inherited)",
					"@executable_path/Frameworks",
				);
				MARKETING_VERSION = 1.0;
				PRODUCT_BUNDLE_IDENTIFIER = im.hiro.GourmetAlert;
				PRODUCT_NAME = "$(TARGET_NAME)";
				PROVISIONING_PROFILE_SPECIFIER = "";
				SWIFT_EMIT_LOC_STRINGS = YES;
				SWIFT_VERSION = 5.0;
				TARGETED_DEVICE_FAMILY = "1,2";
			};
			name = Debug;
		};
		5AFFBAFD28A5A2370025C9A9 /* Release */ = {
			isa = XCBuildConfiguration;
			baseConfigurationReference = 12AF63CA4BDEEEA0F633EBA3 /* Pods-GourmetAlert.release.xcconfig */;
			buildSettings = {
				ASSETCATALOG_COMPILER_APPICON_NAME = AppIcon;
				ASSETCATALOG_COMPILER_GLOBAL_ACCENT_COLOR_NAME = AccentColor;
				CODE_SIGN_IDENTITY = "Apple Development";
				CODE_SIGN_STYLE = Automatic;
				CURRENT_PROJECT_VERSION = 1;
				DEVELOPMENT_TEAM = Y39Q3HMBFA;
				GENERATE_INFOPLIST_FILE = YES;
				INFOPLIST_FILE = GourmetAlert/Info.plist;
				INFOPLIST_KEY_UIApplicationSupportsIndirectInputEvents = YES;
				INFOPLIST_KEY_UILaunchStoryboardName = LaunchScreen;
				INFOPLIST_KEY_UIMainStoryboardFile = Main;
				INFOPLIST_KEY_UISupportedInterfaceOrientations_iPad = "UIInterfaceOrientationPortrait UIInterfaceOrientationPortraitUpsideDown UIInterfaceOrientationLandscapeLeft UIInterfaceOrientationLandscapeRight";
				INFOPLIST_KEY_UISupportedInterfaceOrientations_iPhone = "UIInterfaceOrientationPortrait UIInterfaceOrientationLandscapeLeft UIInterfaceOrientationLandscapeRight";
				LD_RUNPATH_SEARCH_PATHS = (
					"$(inherited)",
					"@executable_path/Frameworks",
				);
				MARKETING_VERSION = 1.0;
				PRODUCT_BUNDLE_IDENTIFIER = im.hiro.GourmetAlert;
				PRODUCT_NAME = "$(TARGET_NAME)";
				PROVISIONING_PROFILE_SPECIFIER = "";
				SWIFT_EMIT_LOC_STRINGS = YES;
				SWIFT_VERSION = 5.0;
				TARGETED_DEVICE_FAMILY = "1,2";
			};
			name = Release;
		};
		5AFFBAFF28A5A2370025C9A9 /* Debug */ = {
			isa = XCBuildConfiguration;
			baseConfigurationReference = B49CFAF30B10EDF4C447D870 /* Pods-GourmetAlertTests.debug.xcconfig */;
			buildSettings = {
				ALWAYS_EMBED_SWIFT_STANDARD_LIBRARIES = YES;
				BUNDLE_LOADER = "$(TEST_HOST)";
				CODE_SIGN_STYLE = Automatic;
				CURRENT_PROJECT_VERSION = 1;
				GENERATE_INFOPLIST_FILE = YES;
				IPHONEOS_DEPLOYMENT_TARGET = 15.5;
				MARKETING_VERSION = 1.0;
				PRODUCT_BUNDLE_IDENTIFIER = im.hiro.GourmetAlertTests;
				PRODUCT_NAME = "$(TARGET_NAME)";
				SWIFT_EMIT_LOC_STRINGS = NO;
				SWIFT_VERSION = 5.0;
				TARGETED_DEVICE_FAMILY = "1,2";
				TEST_HOST = "$(BUILT_PRODUCTS_DIR)/GourmetAlert.app/GourmetAlert";
			};
			name = Debug;
		};
		5AFFBB0028A5A2370025C9A9 /* Release */ = {
			isa = XCBuildConfiguration;
			baseConfigurationReference = 3172EA7A40665604006190B3 /* Pods-GourmetAlertTests.release.xcconfig */;
			buildSettings = {
				ALWAYS_EMBED_SWIFT_STANDARD_LIBRARIES = YES;
				BUNDLE_LOADER = "$(TEST_HOST)";
				CODE_SIGN_STYLE = Automatic;
				CURRENT_PROJECT_VERSION = 1;
				GENERATE_INFOPLIST_FILE = YES;
				IPHONEOS_DEPLOYMENT_TARGET = 15.5;
				MARKETING_VERSION = 1.0;
				PRODUCT_BUNDLE_IDENTIFIER = im.hiro.GourmetAlertTests;
				PRODUCT_NAME = "$(TARGET_NAME)";
				SWIFT_EMIT_LOC_STRINGS = NO;
				SWIFT_VERSION = 5.0;
				TARGETED_DEVICE_FAMILY = "1,2";
				TEST_HOST = "$(BUILT_PRODUCTS_DIR)/GourmetAlert.app/GourmetAlert";
			};
			name = Release;
		};
		5AFFBB0228A5A2370025C9A9 /* Debug */ = {
			isa = XCBuildConfiguration;
			baseConfigurationReference = 44B8AE64382B543AD9F45D58 /* Pods-GourmetAlert-GourmetAlertUITests.debug.xcconfig */;
			buildSettings = {
				ALWAYS_EMBED_SWIFT_STANDARD_LIBRARIES = YES;
				CODE_SIGN_STYLE = Automatic;
				CURRENT_PROJECT_VERSION = 1;
				GENERATE_INFOPLIST_FILE = YES;
				MARKETING_VERSION = 1.0;
				PRODUCT_BUNDLE_IDENTIFIER = im.hiro.GourmetAlertUITests;
				PRODUCT_NAME = "$(TARGET_NAME)";
				SWIFT_EMIT_LOC_STRINGS = NO;
				SWIFT_VERSION = 5.0;
				TARGETED_DEVICE_FAMILY = "1,2";
				TEST_TARGET_NAME = GourmetAlert;
			};
			name = Debug;
		};
		5AFFBB0328A5A2370025C9A9 /* Release */ = {
			isa = XCBuildConfiguration;
			baseConfigurationReference = A94913FD7495C28F5A40B88F /* Pods-GourmetAlert-GourmetAlertUITests.release.xcconfig */;
			buildSettings = {
				ALWAYS_EMBED_SWIFT_STANDARD_LIBRARIES = YES;
				CODE_SIGN_STYLE = Automatic;
				CURRENT_PROJECT_VERSION = 1;
				GENERATE_INFOPLIST_FILE = YES;
				MARKETING_VERSION = 1.0;
				PRODUCT_BUNDLE_IDENTIFIER = im.hiro.GourmetAlertUITests;
				PRODUCT_NAME = "$(TARGET_NAME)";
				SWIFT_EMIT_LOC_STRINGS = NO;
				SWIFT_VERSION = 5.0;
				TARGETED_DEVICE_FAMILY = "1,2";
				TEST_TARGET_NAME = GourmetAlert;
			};
			name = Release;
		};
/* End XCBuildConfiguration section */

/* Begin XCConfigurationList section */
		5AFFBACC28A5A2330025C9A9 /* Build configuration list for PBXProject "GourmetAlert" */ = {
			isa = XCConfigurationList;
			buildConfigurations = (
				5AFFBAF928A5A2370025C9A9 /* Debug */,
				5AFFBAFA28A5A2370025C9A9 /* Release */,
			);
			defaultConfigurationIsVisible = 0;
			defaultConfigurationName = Release;
		};
		5AFFBAFB28A5A2370025C9A9 /* Build configuration list for PBXNativeTarget "GourmetAlert" */ = {
			isa = XCConfigurationList;
			buildConfigurations = (
				5AFFBAFC28A5A2370025C9A9 /* Debug */,
				5AFFBAFD28A5A2370025C9A9 /* Release */,
			);
			defaultConfigurationIsVisible = 0;
			defaultConfigurationName = Release;
		};
		5AFFBAFE28A5A2370025C9A9 /* Build configuration list for PBXNativeTarget "GourmetAlertTests" */ = {
			isa = XCConfigurationList;
			buildConfigurations = (
				5AFFBAFF28A5A2370025C9A9 /* Debug */,
				5AFFBB0028A5A2370025C9A9 /* Release */,
			);
			defaultConfigurationIsVisible = 0;
			defaultConfigurationName = Release;
		};
		5AFFBB0128A5A2370025C9A9 /* Build configuration list for PBXNativeTarget "GourmetAlertUITests" */ = {
			isa = XCConfigurationList;
			buildConfigurations = (
				5AFFBB0228A5A2370025C9A9 /* Debug */,
				5AFFBB0328A5A2370025C9A9 /* Release */,
			);
			defaultConfigurationIsVisible = 0;
			defaultConfigurationName = Release;
		};
/* End XCConfigurationList section */
	};
	rootObject = 5AFFBAC928A5A2330025C9A9 /* Project object */;
}
